# THIS IS AN AUTOGENERATED FILE. DO NOT EDIT THIS FILE DIRECTLY.
# yarn lockfile v1


doctrine@^0.7.2:
  version "0.7.2"
  resolved "https://registry.yarnpkg.com/doctrine/-/doctrine-0.7.2.tgz#7cb860359ba3be90e040b26b729ce4bfa654c523"
  dependencies:
    esutils "^1.1.6"
    isarray "0.0.1"

esutils@^1.1.6:
  version "1.1.6"
  resolved "https://registry.yarnpkg.com/esutils/-/esutils-1.1.6.tgz#c01ccaa9ae4b897c6d0c3e210ae52f3c7a844375"

isarray@0.0.1:
  version "0.0.1"
  resolved "https://registry.yarnpkg.com/isarray/-/isarray-0.0.1.tgz#8a18acfca9a8f4177e09abfc6038939b05d1eedf"

lodash@^4.17.4:
  version "4.17.4"
  resolved "https://registry.yarnpkg.com/lodash/-/lodash-4.17.4.tgz#78203a4d1c328ae1d86dca6460e369b57f4055ae"

tslib@^1.0.0:
  version "1.6.1"
  resolved "https://registry.yarnpkg.com/tslib/-/tslib-1.6.1.tgz#b77b09abc5fa4935e157d838b80e36dad47152c4"

tslint-eslint-rules@^4.0.0:
  version "4.0.0"
  resolved "https://registry.yarnpkg.com/tslint-eslint-rules/-/tslint-eslint-rules-4.0.0.tgz#4e0e59ecd5701c9a48c66ed47bdcafb1c635d27b"
  dependencies:
    doctrine "^0.7.2"
    tslib "^1.0.0"
    tsutils "^1.4.0"

tsutils@^1.4.0:
  version "1.8.0"
  resolved "https://registry.yarnpkg.com/tsutils/-/tsutils-1.8.0.tgz#bf8118ed8e80cd5c9fc7d75728c7963d44ed2f52"
